{
    "name": "datasquirel",
    "version": "2.3.5",
    "lockfileVersion": 3,
    "requires": true,
    "packages": {
        "": {
            "name": "datasquirel",
            "version": "2.3.5",
            "license": "ISC",
            "dependencies": {
                "@types/ace": "^0.0.52",
                "@types/react": "^18.3.12",
                "@types/tinymce": "^4.6.9",
                "dotenv": "^16.3.1",
                "generate-password": "^1.7.1",
                "lodash": "^4.17.21",
                "mysql": "^2.18.1",
                "nodemailer": "^6.9.14",
                "sanitize-html": "^2.13.1",
                "serverless-mysql": "^1.5.5"
            },
            "bin": {
                "dsql-dump": "engine/dump.js",
                "dsql-watch": "engine/dsql.js"
            },
            "devDependencies": {
                "@types/lodash": "^4.17.13",
                "@types/mysql": "^2.15.21",
                "@types/node": "^22.7.5"
            }
        },
        "node_modules/@types/ace": {
            "version": "0.0.52",
            "resolved": "https://registry.npmjs.org/@types/ace/-/ace-0.0.52.tgz",
            "integrity": "sha512-YPF9S7fzpuyrxru+sG/rrTpZkC6gpHBPF14W3x70kqVOD+ks6jkYLapk4yceh36xej7K4HYxcyz9ZDQ2lTvwgQ==",
            "license": "MIT"
        },
        "node_modules/@types/jquery": {
            "version": "3.5.32",
            "resolved": "https://registry.npmjs.org/@types/jquery/-/jquery-3.5.32.tgz",
            "integrity": "sha512-b9Xbf4CkMqS02YH8zACqN1xzdxc3cO735Qe5AbSUFmyOiaWAbcpqh9Wna+Uk0vgACvoQHpWDg2rGdHkYPLmCiQ==",
            "license": "MIT",
            "dependencies": {
                "@types/sizzle": "*"
            }
        },
        "node_modules/@types/lodash": {
            "version": "4.17.13",
            "resolved": "https://registry.npmjs.org/@types/lodash/-/lodash-4.17.13.tgz",
            "integrity": "sha512-lfx+dftrEZcdBPczf9d0Qv0x+j/rfNCMuC6OcfXmO8gkfeNAY88PgKUbvG56whcN23gc27yenwF6oJZXGFpYxg==",
            "dev": true,
            "license": "MIT"
        },
        "node_modules/@types/mysql": {
            "version": "2.15.21",
            "resolved": "https://registry.npmjs.org/@types/mysql/-/mysql-2.15.21.tgz",
            "integrity": "sha512-NPotx5CVful7yB+qZbWtXL2fA4e7aEHkihHLjklc6ID8aq7bhguHgeIoC1EmSNTAuCgI6ZXrjt2ZSaXnYX0EUg==",
            "devOptional": true,
            "dependencies": {
                "@types/node": "*"
            }
        },
        "node_modules/@types/node": {
            "version": "22.7.5",
            "resolved": "https://registry.npmjs.org/@types/node/-/node-22.7.5.tgz",
            "integrity": "sha512-jML7s2NAzMWc//QSJ1a3prpk78cOPchGvXJsC3C6R6PSMoooztvRVQEz89gmBTBY1SPMaqo5teB4uNHPdetShQ==",
            "devOptional": true,
            "license": "MIT",
            "dependencies": {
                "undici-types": "~6.19.2"
            }
        },
        "node_modules/@types/prop-types": {
            "version": "15.7.13",
            "resolved": "https://registry.npmjs.org/@types/prop-types/-/prop-types-15.7.13.tgz",
            "integrity": "sha512-hCZTSvwbzWGvhqxp/RqVqwU999pBf2vp7hzIjiYOsl8wqOmUxkQ6ddw1cV3l8811+kdUFus/q4d1Y3E3SyEifA==",
            "license": "MIT"
        },
        "node_modules/@types/react": {
            "version": "18.3.12",
            "resolved": "https://registry.npmjs.org/@types/react/-/react-18.3.12.tgz",
            "integrity": "sha512-D2wOSq/d6Agt28q7rSI3jhU7G6aiuzljDGZ2hTZHIkrTLUI+AF3WMeKkEZ9nN2fkBAlcktT6vcZjDFiIhMYEQw==",
            "license": "MIT",
            "dependencies": {
                "@types/prop-types": "*",
                "csstype": "^3.0.2"
            }
        },
        "node_modules/@types/sizzle": {
            "version": "2.3.9",
            "resolved": "https://registry.npmjs.org/@types/sizzle/-/sizzle-2.3.9.tgz",
            "integrity": "sha512-xzLEyKB50yqCUPUJkIsrVvoWNfFUbIZI+RspLWt8u+tIW/BetMBZtgV2LY/2o+tYH8dRvQ+eoPf3NdhQCcLE2w==",
            "license": "MIT"
        },
        "node_modules/@types/tinymce": {
            "version": "4.6.9",
            "resolved": "https://registry.npmjs.org/@types/tinymce/-/tinymce-4.6.9.tgz",
            "integrity": "sha512-pDxBUlV4v1jgJ97SlnVOSyf3KUy3OQ3s5Ddpfh1L9M5lXlBmX7TJ2OLSozx1WBxp91acHvYPWDwz2U/kMM1oxQ==",
            "license": "MIT",
            "dependencies": {
                "@types/jquery": "*"
            }
        },
        "node_modules/bignumber.js": {
            "version": "9.0.0",
            "resolved": "https://registry.npmjs.org/bignumber.js/-/bignumber.js-9.0.0.tgz",
            "integrity": "sha512-t/OYhhJ2SD+YGBQcjY8GzzDHEk9f3nerxjtfa6tlMXfe7frs/WozhvCNoGvpM0P3bNf3Gq5ZRMlGr5f3r4/N8A==",
            "engines": {
                "node": "*"
            }
        },
        "node_modules/core-util-is": {
            "version": "1.0.3",
            "resolved": "https://registry.npmjs.org/core-util-is/-/core-util-is-1.0.3.tgz",
            "integrity": "sha512-ZQBvi1DcpJ4GDqanjucZ2Hj3wEO5pZDS89BWbkcrvdxksJorwUDDZamX9ldFkp9aw2lmBDLgkObEA4DWNJ9FYQ=="
        },
        "node_modules/csstype": {
            "version": "3.1.3",
            "resolved": "https://registry.npmjs.org/csstype/-/csstype-3.1.3.tgz",
            "integrity": "sha512-M1uQkMl8rQK/szD0LNhtqxIPLpimGm8sOBwU7lLnCpSbTyY3yeU1Vc7l4KT5zT4s/yOxHH5O7tIuuLOCnLADRw==",
            "license": "MIT"
        },
        "node_modules/deepmerge": {
            "version": "4.3.1",
            "resolved": "https://registry.npmjs.org/deepmerge/-/deepmerge-4.3.1.tgz",
            "integrity": "sha512-3sUqbMEc77XqpdNO7FRyRog+eW3ph+GYCbj+rK+uYyRMuwsVy0rMiVtPn+QJlKFvWP/1PYpapqYn0Me2knFn+A==",
            "license": "MIT",
            "engines": {
                "node": ">=0.10.0"
            }
        },
        "node_modules/dom-serializer": {
            "version": "2.0.0",
            "resolved": "https://registry.npmjs.org/dom-serializer/-/dom-serializer-2.0.0.tgz",
            "integrity": "sha512-wIkAryiqt/nV5EQKqQpo3SToSOV9J0DnbJqwK7Wv/Trc92zIAYZ4FlMu+JPFW1DfGFt81ZTCGgDEabffXeLyJg==",
            "license": "MIT",
            "dependencies": {
                "domelementtype": "^2.3.0",
                "domhandler": "^5.0.2",
                "entities": "^4.2.0"
            },
            "funding": {
                "url": "https://github.com/cheeriojs/dom-serializer?sponsor=1"
            }
        },
        "node_modules/domelementtype": {
            "version": "2.3.0",
            "resolved": "https://registry.npmjs.org/domelementtype/-/domelementtype-2.3.0.tgz",
            "integrity": "sha512-OLETBj6w0OsagBwdXnPdN0cnMfF9opN69co+7ZrbfPGrdpPVNBUj02spi6B1N7wChLQiPn4CSH/zJvXw56gmHw==",
            "funding": [
                {
                    "type": "github",
                    "url": "https://github.com/sponsors/fb55"
                }
            ],
            "license": "BSD-2-Clause"
        },
        "node_modules/domhandler": {
            "version": "5.0.3",
            "resolved": "https://registry.npmjs.org/domhandler/-/domhandler-5.0.3.tgz",
            "integrity": "sha512-cgwlv/1iFQiFnU96XXgROh8xTeetsnJiDsTc7TYCLFd9+/WNkIqPTxiM/8pSd8VIrhXGTf1Ny1q1hquVqDJB5w==",
            "license": "BSD-2-Clause",
            "dependencies": {
                "domelementtype": "^2.3.0"
            },
            "engines": {
                "node": ">= 4"
            },
            "funding": {
                "url": "https://github.com/fb55/domhandler?sponsor=1"
            }
        },
        "node_modules/domutils": {
            "version": "3.1.0",
            "resolved": "https://registry.npmjs.org/domutils/-/domutils-3.1.0.tgz",
            "integrity": "sha512-H78uMmQtI2AhgDJjWeQmHwJJ2bLPD3GMmO7Zja/ZZh84wkm+4ut+IUnUdRa8uCGX88DiVx1j6FRe1XfxEgjEZA==",
            "license": "BSD-2-Clause",
            "dependencies": {
                "dom-serializer": "^2.0.0",
                "domelementtype": "^2.3.0",
                "domhandler": "^5.0.3"
            },
            "funding": {
                "url": "https://github.com/fb55/domutils?sponsor=1"
            }
        },
        "node_modules/dotenv": {
            "version": "16.3.1",
            "resolved": "https://registry.npmjs.org/dotenv/-/dotenv-16.3.1.tgz",
            "integrity": "sha512-IPzF4w4/Rd94bA9imS68tZBaYyBWSCE47V1RGuMrB94iyTOIEwRmVL2x/4An+6mETpLrKJ5hQkB8W4kFAadeIQ==",
            "engines": {
                "node": ">=12"
            },
            "funding": {
                "url": "https://github.com/motdotla/dotenv?sponsor=1"
            }
        },
        "node_modules/entities": {
            "version": "4.5.0",
            "resolved": "https://registry.npmjs.org/entities/-/entities-4.5.0.tgz",
            "integrity": "sha512-V0hjH4dGPh9Ao5p0MoRY6BVqtwCjhz6vI5LT8AJ55H+4g9/4vbHx1I54fS0XuclLhDHArPQCiMjDxjaL8fPxhw==",
            "license": "BSD-2-Clause",
            "engines": {
                "node": ">=0.12"
            },
            "funding": {
                "url": "https://github.com/fb55/entities?sponsor=1"
            }
        },
        "node_modules/escape-string-regexp": {
            "version": "4.0.0",
            "resolved": "https://registry.npmjs.org/escape-string-regexp/-/escape-string-regexp-4.0.0.tgz",
            "integrity": "sha512-TtpcNJ3XAzx3Gq8sWRzJaVajRs0uVxA2YAkdb1jm2YkPz4G6egUFAyA3n5vtEIZefPk5Wa4UXbKuS5fKkJWdgA==",
            "license": "MIT",
            "engines": {
                "node": ">=10"
            },
            "funding": {
                "url": "https://github.com/sponsors/sindresorhus"
            }
        },
        "node_modules/generate-password": {
            "version": "1.7.1",
            "resolved": "https://registry.npmjs.org/generate-password/-/generate-password-1.7.1.tgz",
            "integrity": "sha512-9bVYY+16m7W7GczRBDqXE+VVuCX+bWNrfYKC/2p2JkZukFb2sKxT6E3zZ3mJGz7GMe5iRK0A/WawSL3jQfJuNQ==",
            "license": "MIT"
        },
        "node_modules/htmlparser2": {
            "version": "8.0.2",
            "resolved": "https://registry.npmjs.org/htmlparser2/-/htmlparser2-8.0.2.tgz",
            "integrity": "sha512-GYdjWKDkbRLkZ5geuHs5NY1puJ+PXwP7+fHPRz06Eirsb9ugf6d8kkXav6ADhcODhFFPMIXyxkxSuMf3D6NCFA==",
            "funding": [
                "https://github.com/fb55/htmlparser2?sponsor=1",
                {
                    "type": "github",
                    "url": "https://github.com/sponsors/fb55"
                }
            ],
            "license": "MIT",
            "dependencies": {
                "domelementtype": "^2.3.0",
                "domhandler": "^5.0.3",
                "domutils": "^3.0.1",
                "entities": "^4.4.0"
            }
        },
        "node_modules/inherits": {
            "version": "2.0.4",
            "resolved": "https://registry.npmjs.org/inherits/-/inherits-2.0.4.tgz",
            "integrity": "sha512-k/vGaX4/Yla3WzyMCvTQOXYeIHvqOKtnqBduzTHpzpQZzAskKMhZ2K+EnBiSM9zGSoIFeMpXKxa4dYeZIQqewQ=="
        },
        "node_modules/is-plain-object": {
            "version": "5.0.0",
            "resolved": "https://registry.npmjs.org/is-plain-object/-/is-plain-object-5.0.0.tgz",
            "integrity": "sha512-VRSzKkbMm5jMDoKLbltAkFQ5Qr7VDiTFGXxYFXXowVj387GeGNOCsOH6Msy00SGZ3Fp84b1Naa1psqgcCIEP5Q==",
            "license": "MIT",
            "engines": {
                "node": ">=0.10.0"
            }
        },
        "node_modules/isarray": {
            "version": "1.0.0",
            "resolved": "https://registry.npmjs.org/isarray/-/isarray-1.0.0.tgz",
            "integrity": "sha512-VLghIWNM6ELQzo7zwmcg0NmTVyWKYjvIeM83yjp0wRDTmUnrM678fQbcKBo6n2CJEF0szoG//ytg+TKla89ALQ=="
        },
        "node_modules/lodash": {
            "version": "4.17.21",
            "resolved": "https://registry.npmjs.org/lodash/-/lodash-4.17.21.tgz",
            "integrity": "sha512-v2kDEe57lecTulaDIuNTPy3Ry4gLGJ6Z1O3vE1krgXZNrsQ+LFTGHVxVjcXPs17LhbZVGedAJv8XZ1tvj5FvSg==",
            "license": "MIT"
        },
        "node_modules/mysql": {
            "version": "2.18.1",
            "resolved": "https://registry.npmjs.org/mysql/-/mysql-2.18.1.tgz",
            "integrity": "sha512-Bca+gk2YWmqp2Uf6k5NFEurwY/0td0cpebAucFpY/3jhrwrVGuxU2uQFCHjU19SJfje0yQvi+rVWdq78hR5lig==",
            "dependencies": {
                "bignumber.js": "9.0.0",
                "readable-stream": "2.3.7",
                "safe-buffer": "5.1.2",
                "sqlstring": "2.3.1"
            },
            "engines": {
                "node": ">= 0.6"
            }
        },
        "node_modules/nanoid": {
            "version": "3.3.7",
            "resolved": "https://registry.npmjs.org/nanoid/-/nanoid-3.3.7.tgz",
            "integrity": "sha512-eSRppjcPIatRIMC1U6UngP8XFcz8MQWGQdt1MTBQ7NaAmvXDfvNxbvWV3x2y6CdEUciCSsDHDQZbhYaB8QEo2g==",
            "funding": [
                {
                    "type": "github",
                    "url": "https://github.com/sponsors/ai"
                }
            ],
            "license": "MIT",
            "bin": {
                "nanoid": "bin/nanoid.cjs"
            },
            "engines": {
                "node": "^10 || ^12 || ^13.7 || ^14 || >=15.0.1"
            }
        },
        "node_modules/nodemailer": {
            "version": "6.9.14",
            "resolved": "https://registry.npmjs.org/nodemailer/-/nodemailer-6.9.14.tgz",
            "integrity": "sha512-Dobp/ebDKBvz91sbtRKhcznLThrKxKt97GI2FAlAyy+fk19j73Uz3sBXolVtmcXjaorivqsbbbjDY+Jkt4/bQA==",
            "license": "MIT-0",
            "engines": {
                "node": ">=6.0.0"
            }
        },
        "node_modules/parse-srcset": {
            "version": "1.0.2",
            "resolved": "https://registry.npmjs.org/parse-srcset/-/parse-srcset-1.0.2.tgz",
            "integrity": "sha512-/2qh0lav6CmI15FzA3i/2Bzk2zCgQhGMkvhOhKNcBVQ1ldgpbfiNTVslmooUmWJcADi1f1kIeynbDRVzNlfR6Q==",
            "license": "MIT"
        },
        "node_modules/picocolors": {
            "version": "1.1.1",
            "resolved": "https://registry.npmjs.org/picocolors/-/picocolors-1.1.1.tgz",
            "integrity": "sha512-xceH2snhtb5M9liqDsmEw56le376mTZkEX/jEb/RxNFyegNul7eNslCXP9FDj/Lcu0X8KEyMceP2ntpaHrDEVA==",
            "license": "ISC"
        },
        "node_modules/postcss": {
            "version": "8.4.47",
            "resolved": "https://registry.npmjs.org/postcss/-/postcss-8.4.47.tgz",
            "integrity": "sha512-56rxCq7G/XfB4EkXq9Egn5GCqugWvDFjafDOThIdMBsI15iqPqR5r15TfSr1YPYeEI19YeaXMCbY6u88Y76GLQ==",
            "funding": [
                {
                    "type": "opencollective",
                    "url": "https://opencollective.com/postcss/"
                },
                {
                    "type": "tidelift",
                    "url": "https://tidelift.com/funding/github/npm/postcss"
                },
                {
                    "type": "github",
                    "url": "https://github.com/sponsors/ai"
                }
            ],
            "license": "MIT",
            "dependencies": {
                "nanoid": "^3.3.7",
                "picocolors": "^1.1.0",
                "source-map-js": "^1.2.1"
            },
            "engines": {
                "node": "^10 || ^12 || >=14"
            }
        },
        "node_modules/process-nextick-args": {
            "version": "2.0.1",
            "resolved": "https://registry.npmjs.org/process-nextick-args/-/process-nextick-args-2.0.1.tgz",
            "integrity": "sha512-3ouUOpQhtgrbOa17J7+uxOTpITYWaGP7/AhoR3+A+/1e9skrzelGi/dXzEYyvbxubEF6Wn2ypscTKiKJFFn1ag=="
        },
        "node_modules/readable-stream": {
            "version": "2.3.7",
            "resolved": "https://registry.npmjs.org/readable-stream/-/readable-stream-2.3.7.tgz",
            "integrity": "sha512-Ebho8K4jIbHAxnuxi7o42OrZgF/ZTNcsZj6nRKyUmkhLFq8CHItp/fy6hQZuZmP/n3yZ9VBUbp4zz/mX8hmYPw==",
            "dependencies": {
                "core-util-is": "~1.0.0",
                "inherits": "~2.0.3",
                "isarray": "~1.0.0",
                "process-nextick-args": "~2.0.0",
                "safe-buffer": "~5.1.1",
                "string_decoder": "~1.1.1",
                "util-deprecate": "~1.0.1"
            }
        },
        "node_modules/safe-buffer": {
            "version": "5.1.2",
            "resolved": "https://registry.npmjs.org/safe-buffer/-/safe-buffer-5.1.2.tgz",
            "integrity": "sha512-Gd2UZBJDkXlY7GbJxfsE8/nvKkUEU1G38c1siN6QP6a9PT9MmHB8GnpscSmMJSoF8LOIrt8ud/wPtojys4G6+g=="
        },
        "node_modules/sanitize-html": {
            "version": "2.13.1",
            "resolved": "https://registry.npmjs.org/sanitize-html/-/sanitize-html-2.13.1.tgz",
            "integrity": "sha512-ZXtKq89oue4RP7abL9wp/9URJcqQNABB5GGJ2acW1sdO8JTVl92f4ygD7Yc9Ze09VAZhnt2zegeU0tbNsdcLYg==",
            "license": "MIT",
            "dependencies": {
                "deepmerge": "^4.2.2",
                "escape-string-regexp": "^4.0.0",
                "htmlparser2": "^8.0.0",
                "is-plain-object": "^5.0.0",
                "parse-srcset": "^1.0.2",
                "postcss": "^8.3.11"
            }
        },
        "node_modules/serverless-mysql": {
            "version": "1.5.5",
            "resolved": "https://registry.npmjs.org/serverless-mysql/-/serverless-mysql-1.5.5.tgz",
            "integrity": "sha512-QwaCtswn3GKCnqyVA0whwDFMIw91iKTeTvf6F++HoGiunfyvfJ2MdU8d3MKMQdKGNOXIvmUlLq/JVjxuPQxkrw==",
            "license": "MIT",
            "dependencies": {
                "mysql": "^2.18.1"
            },
            "optionalDependencies": {
                "@types/mysql": "^2.15.6"
            }
        },
        "node_modules/source-map-js": {
            "version": "1.2.1",
            "resolved": "https://registry.npmjs.org/source-map-js/-/source-map-js-1.2.1.tgz",
            "integrity": "sha512-UXWMKhLOwVKb728IUtQPXxfYU+usdybtUrK/8uGE8CQMvrhOpwvzDBwj0QhSL7MQc7vIsISBG8VQ8+IDQxpfQA==",
            "license": "BSD-3-Clause",
            "engines": {
                "node": ">=0.10.0"
            }
        },
        "node_modules/sqlstring": {
            "version": "2.3.1",
            "resolved": "https://registry.npmjs.org/sqlstring/-/sqlstring-2.3.1.tgz",
            "integrity": "sha512-ooAzh/7dxIG5+uDik1z/Rd1vli0+38izZhGzSa34FwR7IbelPWCCKSNIl8jlL/F7ERvy8CB2jNeM1E9i9mXMAQ==",
            "engines": {
                "node": ">= 0.6"
            }
        },
        "node_modules/string_decoder": {
            "version": "1.1.1",
            "resolved": "https://registry.npmjs.org/string_decoder/-/string_decoder-1.1.1.tgz",
            "integrity": "sha512-n/ShnvDi6FHbbVfviro+WojiFzv+s8MPMHBczVePfUpDJLwoLT0ht1l4YwBCbi8pJAveEEdnkHyPyTP/mzRfwg==",
            "dependencies": {
                "safe-buffer": "~5.1.0"
            }
        },
        "node_modules/undici-types": {
            "version": "6.19.8",
            "resolved": "https://registry.npmjs.org/undici-types/-/undici-types-6.19.8.tgz",
            "integrity": "sha512-ve2KP6f/JnbPBFyobGHuerC9g1FYGn/F8n1LWTwNxCEzd6IfqTwUQcNXgEtmmQ6DlRrC1hrSrBnCZPokRrDHjw==",
            "devOptional": true,
            "license": "MIT"
        },
        "node_modules/util-deprecate": {
            "version": "1.0.2",
            "resolved": "https://registry.npmjs.org/util-deprecate/-/util-deprecate-1.0.2.tgz",
            "integrity": "sha512-EPD5q1uXyFxJpCrLnCc1nHnq3gOa6DZBocAIiI2TaSCA7VCJ1UJDMagCzIkXNsUYfD1daK//LTEQ8xiIbrHtcw=="
        }
    }
}
